// !$*UTF8*$!
{
	archiveVersion = 1;
	classes = {
	};
	objectVersion = 46;
	objects = {

/* Begin PBXBuildFile section */
		1C04BD871ED817D100A462B9 /* AppStyle.swift in Sources */ = {isa = PBXBuildFile; fileRef = 1C04BD861ED817D100A462B9 /* AppStyle.swift */; };
		1C0B59681EF11F5200C42AFC /* ZingCommon.framework in Frameworks */ = {isa = PBXBuildFile; fileRef = 1C0B59661EF11F5200C42AFC /* ZingCommon.framework */; };
		1C0B59691EF11F5200C42AFC /* ZingPBModel.framework in Frameworks */ = {isa = PBXBuildFile; fileRef = 1C0B59671EF11F5200C42AFC /* ZingPBModel.framework */; };
		1C0B596B1EF1219200C42AFC /* Snippets.framework in Frameworks */ = {isa = PBXBuildFile; fileRef = 1C0B596A1EF1219200C42AFC /* Snippets.framework */; };
		1C0B596C1EF1219900C42AFC /* Snippets.framework in Embed Frameworks */ = {isa = PBXBuildFile; fileRef = 1C0B596A1EF1219200C42AFC /* Snippets.framework */; settings = {ATTRIBUTES = (CodeSignOnCopy, RemoveHeadersOnCopy, ); }; };
		1C0B596D1EF1219900C42AFC /* ZingCommon.framework in Embed Frameworks */ = {isa = PBXBuildFile; fileRef = 1C0B59661EF11F5200C42AFC /* ZingCommon.framework */; settings = {ATTRIBUTES = (CodeSignOnCopy, RemoveHeadersOnCopy, ); }; };
		1C0B596E1EF1219900C42AFC /* ZingPBModel.framework in Embed Frameworks */ = {isa = PBXBuildFile; fileRef = 1C0B59671EF11F5200C42AFC /* ZingPBModel.framework */; settings = {ATTRIBUTES = (CodeSignOnCopy, RemoveHeadersOnCopy, ); }; };
		1C1637FB1E777A0C002C9734 /* AppDelegate.swift in Sources */ = {isa = PBXBuildFile; fileRef = 1C1637FA1E777A0C002C9734 /* AppDelegate.swift */; };
		1C1637FD1E777A0C002C9734 /* ViewController.swift in Sources */ = {isa = PBXBuildFile; fileRef = 1C1637FC1E777A0C002C9734 /* ViewController.swift */; };
		1C1638021E777A0C002C9734 /* Assets.xcassets in Resources */ = {isa = PBXBuildFile; fileRef = 1C1638011E777A0C002C9734 /* Assets.xcassets */; };
		1C1638051E777A0C002C9734 /* LaunchScreen.storyboard in Resources */ = {isa = PBXBuildFile; fileRef = 1C1638031E777A0C002C9734 /* LaunchScreen.storyboard */; };
		1C1638101E777A0C002C9734 /* Zing_SwiftTests.swift in Sources */ = {isa = PBXBuildFile; fileRef = 1C16380F1E777A0C002C9734 /* Zing_SwiftTests.swift */; };
		1C16381B1E777A0C002C9734 /* Zing_SwiftUITests.swift in Sources */ = {isa = PBXBuildFile; fileRef = 1C16381A1E777A0C002C9734 /* Zing_SwiftUITests.swift */; };
		1C1BD0631EBD642F00AEEA31 /* LaunchViewController.swift in Sources */ = {isa = PBXBuildFile; fileRef = 1C1BD0621EBD642F00AEEA31 /* LaunchViewController.swift */; };
		1C2754291EC3EC970005166E /* LoginViewController.swift in Sources */ = {isa = PBXBuildFile; fileRef = 1C2754281EC3EC970005166E /* LoginViewController.swift */; };
		1C27542B1EC3EF8A0005166E /* MeViewController.swift in Sources */ = {isa = PBXBuildFile; fileRef = 1C27542A1EC3EF8A0005166E /* MeViewController.swift */; };
		1C46066F1EB02C12005BD800 /* AccountService.swift in Sources */ = {isa = PBXBuildFile; fileRef = 1C46066E1EB02C12005BD800 /* AccountService.swift */; };
		1C4606CF1EB1903D005BD800 /* MainTabBarController.swift in Sources */ = {isa = PBXBuildFile; fileRef = 1C4606CE1EB1903D005BD800 /* MainTabBarController.swift */; };
		1C4606D11EB198A8005BD800 /* AppKeys.swift in Sources */ = {isa = PBXBuildFile; fileRef = 1C4606D01EB198A8005BD800 /* AppKeys.swift */; };
		1C4606D31EB19B27005BD800 /* UMengService.swift in Sources */ = {isa = PBXBuildFile; fileRef = 1C4606D21EB19B27005BD800 /* UMengService.swift */; };
		1C6100D41EC2EF3F00DEDB40 /* ChannelViewController.swift in Sources */ = {isa = PBXBuildFile; fileRef = 1C6100D31EC2EF3F00DEDB40 /* ChannelViewController.swift */; };
		1C6100D61EC2EF6700DEDB40 /* DiscoveryViewController.swift in Sources */ = {isa = PBXBuildFile; fileRef = 1C6100D51EC2EF6700DEDB40 /* DiscoveryViewController.swift */; };
		1C6100DC1EC2EFBF00DEDB40 /* MessageViewController.swift in Sources */ = {isa = PBXBuildFile; fileRef = 1C6100DB1EC2EFBF00DEDB40 /* MessageViewController.swift */; };
		1C6100DE1EC2F4D500DEDB40 /* WebViewController.swift in Sources */ = {isa = PBXBuildFile; fileRef = 1C6100DD1EC2F4D500DEDB40 /* WebViewController.swift */; };
		1C8994671E9B30FC00DF1C57 /* GCDQueue.swift in Sources */ = {isa = PBXBuildFile; fileRef = 1C8994621E9B30FC00DF1C57 /* GCDQueue.swift */; };
		1C8994681E9B30FC00DF1C57 /* RequestPath.swift in Sources */ = {isa = PBXBuildFile; fileRef = 1C8994631E9B30FC00DF1C57 /* RequestPath.swift */; };
		1C8994691E9B30FC00DF1C57 /* APIService.swift in Sources */ = {isa = PBXBuildFile; fileRef = 1C8994651E9B30FC00DF1C57 /* APIService.swift */; };
		1C89946A1E9B30FC00DF1C57 /* URLService.swift in Sources */ = {isa = PBXBuildFile; fileRef = 1C8994661E9B30FC00DF1C57 /* URLService.swift */; };
		1CB257FE1EF25C0B000E03C4 /* InputBarViewController.swift in Sources */ = {isa = PBXBuildFile; fileRef = 1CB257FD1EF25C0B000E03C4 /* InputBarViewController.swift */; };
		1CB258001EF25F53000E03C4 /* SensesViewController.swift in Sources */ = {isa = PBXBuildFile; fileRef = 1CB257FF1EF25F53000E03C4 /* SensesViewController.swift */; };
		1CB258021EF27031000E03C4 /* KeyboardService.swift in Sources */ = {isa = PBXBuildFile; fileRef = 1CB258011EF27031000E03C4 /* KeyboardService.swift */; };
		1CC0D3DB1EA741DF00B59DF9 /* ResponseCode.swift in Sources */ = {isa = PBXBuildFile; fileRef = 1CC0D3DA1EA741DF00B59DF9 /* ResponseCode.swift */; };
		1CE5853C1ECD754E00196919 /* Localizable.strings in Resources */ = {isa = PBXBuildFile; fileRef = 1CE5853E1ECD754E00196919 /* Localizable.strings */; };
		1CE585501ECD7C9000196919 /* Main.storyboard in Resources */ = {isa = PBXBuildFile; fileRef = 1CE585521ECD7C9000196919 /* Main.storyboard */; };
		57CFB6FAE9171C29CA4ECA99 /* Pods_Zing_Swift.framework in Frameworks */ = {isa = PBXBuildFile; fileRef = 864E3B997AE6832097136B76 /* Pods_Zing_Swift.framework */; settings = {ATTRIBUTES = (Required, ); }; };
/* End PBXBuildFile section */

/* Begin PBXContainerItemProxy section */
		1C16380C1E777A0C002C9734 /* PBXContainerItemProxy */ = {
			isa = PBXContainerItemProxy;
			containerPortal = 1C1637EF1E777A0B002C9734 /* Project object */;
			proxyType = 1;
			remoteGlobalIDString = 1C1637F61E777A0C002C9734;
			remoteInfo = "Zing-Swift";
		};
		1C1638171E777A0C002C9734 /* PBXContainerItemProxy */ = {
			isa = PBXContainerItemProxy;
			containerPortal = 1C1637EF1E777A0B002C9734 /* Project object */;
			proxyType = 1;
			remoteGlobalIDString = 1C1637F61E777A0C002C9734;
			remoteInfo = "Zing-Swift";
		};
/* End PBXContainerItemProxy section */

/* Begin PBXCopyFilesBuildPhase section */
		1C0B59651EF11F2200C42AFC /* Embed Frameworks */ = {
			isa = PBXCopyFilesBuildPhase;
			buildActionMask = 2147483647;
			dstPath = "";
			dstSubfolderSpec = 10;
			files = (
				1C0B596C1EF1219900C42AFC /* Snippets.framework in Embed Frameworks */,
				1C0B596D1EF1219900C42AFC /* ZingCommon.framework in Embed Frameworks */,
				1C0B596E1EF1219900C42AFC /* ZingPBModel.framework in Embed Frameworks */,
			);
			name = "Embed Frameworks";
			runOnlyForDeploymentPostprocessing = 0;
		};
/* End PBXCopyFilesBuildPhase section */

/* Begin PBXFileReference section */
		1C04BD861ED817D100A462B9 /* AppStyle.swift */ = {isa = PBXFileReference; fileEncoding = 4; lastKnownFileType = sourcecode.swift; path = AppStyle.swift; sourceTree = "<group>"; };
		1C0B59661EF11F5200C42AFC /* ZingCommon.framework */ = {isa = PBXFileReference; lastKnownFileType = wrapper.framework; name = ZingCommon.framework; path = "../../../Library/Developer/Xcode/DerivedData/Zing-Swift-ddfdqgrkxfrimnchadcqntzarvuv/Build/Products/Debug-iphoneos/ZingCommon.framework"; sourceTree = "<group>"; };
		1C0B59671EF11F5200C42AFC /* ZingPBModel.framework */ = {isa = PBXFileReference; lastKnownFileType = wrapper.framework; name = ZingPBModel.framework; path = "../../../Library/Developer/Xcode/DerivedData/Zing-Swift-ddfdqgrkxfrimnchadcqntzarvuv/Build/Products/Debug-iphoneos/ZingPBModel.framework"; sourceTree = "<group>"; };
		1C0B596A1EF1219200C42AFC /* Snippets.framework */ = {isa = PBXFileReference; lastKnownFileType = wrapper.framework; name = Snippets.framework; path = "../../../Library/Developer/Xcode/DerivedData/Zing-Swift-ddfdqgrkxfrimnchadcqntzarvuv/Build/Products/Debug-iphoneos/Snippets.framework"; sourceTree = "<group>"; };
		1C1637F71E777A0C002C9734 /* Zing-Swift.app */ = {isa = PBXFileReference; explicitFileType = wrapper.application; includeInIndex = 0; path = "Zing-Swift.app"; sourceTree = BUILT_PRODUCTS_DIR; };
		1C1637FA1E777A0C002C9734 /* AppDelegate.swift */ = {isa = PBXFileReference; lastKnownFileType = sourcecode.swift; path = AppDelegate.swift; sourceTree = "<group>"; };
		1C1637FC1E777A0C002C9734 /* ViewController.swift */ = {isa = PBXFileReference; lastKnownFileType = sourcecode.swift; path = ViewController.swift; sourceTree = "<group>"; };
		1C1638011E777A0C002C9734 /* Assets.xcassets */ = {isa = PBXFileReference; lastKnownFileType = folder.assetcatalog; path = Assets.xcassets; sourceTree = "<group>"; };
		1C1638041E777A0C002C9734 /* Base */ = {isa = PBXFileReference; lastKnownFileType = file.storyboard; name = Base; path = Base.lproj/LaunchScreen.storyboard; sourceTree = "<group>"; };
		1C1638061E777A0C002C9734 /* Info.plist */ = {isa = PBXFileReference; lastKnownFileType = text.plist.xml; path = Info.plist; sourceTree = "<group>"; };
		1C16380B1E777A0C002C9734 /* Zing-SwiftTests.xctest */ = {isa = PBXFileReference; explicitFileType = wrapper.cfbundle; includeInIndex = 0; path = "Zing-SwiftTests.xctest"; sourceTree = BUILT_PRODUCTS_DIR; };
		1C16380F1E777A0C002C9734 /* Zing_SwiftTests.swift */ = {isa = PBXFileReference; lastKnownFileType = sourcecode.swift; path = Zing_SwiftTests.swift; sourceTree = "<group>"; };
		1C1638111E777A0C002C9734 /* Info.plist */ = {isa = PBXFileReference; lastKnownFileType = text.plist.xml; path = Info.plist; sourceTree = "<group>"; };
		1C1638161E777A0C002C9734 /* Zing-SwiftUITests.xctest */ = {isa = PBXFileReference; explicitFileType = wrapper.cfbundle; includeInIndex = 0; path = "Zing-SwiftUITests.xctest"; sourceTree = BUILT_PRODUCTS_DIR; };
		1C16381A1E777A0C002C9734 /* Zing_SwiftUITests.swift */ = {isa = PBXFileReference; lastKnownFileType = sourcecode.swift; path = Zing_SwiftUITests.swift; sourceTree = "<group>"; };
		1C16381C1E777A0C002C9734 /* Info.plist */ = {isa = PBXFileReference; lastKnownFileType = text.plist.xml; path = Info.plist; sourceTree = "<group>"; };
		1C1BD0621EBD642F00AEEA31 /* LaunchViewController.swift */ = {isa = PBXFileReference; fileEncoding = 4; lastKnownFileType = sourcecode.swift; path = LaunchViewController.swift; sourceTree = "<group>"; };
		1C2754281EC3EC970005166E /* LoginViewController.swift */ = {isa = PBXFileReference; fileEncoding = 4; lastKnownFileType = sourcecode.swift; path = LoginViewController.swift; sourceTree = "<group>"; };
		1C27542A1EC3EF8A0005166E /* MeViewController.swift */ = {isa = PBXFileReference; fileEncoding = 4; lastKnownFileType = sourcecode.swift; path = MeViewController.swift; sourceTree = "<group>"; };
		1C46066E1EB02C12005BD800 /* AccountService.swift */ = {isa = PBXFileReference; fileEncoding = 4; lastKnownFileType = sourcecode.swift; path = AccountService.swift; sourceTree = "<group>"; };
		1C4606CE1EB1903D005BD800 /* MainTabBarController.swift */ = {isa = PBXFileReference; fileEncoding = 4; lastKnownFileType = sourcecode.swift; path = MainTabBarController.swift; sourceTree = "<group>"; };
		1C4606D01EB198A8005BD800 /* AppKeys.swift */ = {isa = PBXFileReference; fileEncoding = 4; lastKnownFileType = sourcecode.swift; path = AppKeys.swift; sourceTree = "<group>"; };
		1C4606D21EB19B27005BD800 /* UMengService.swift */ = {isa = PBXFileReference; fileEncoding = 4; lastKnownFileType = sourcecode.swift; path = UMengService.swift; sourceTree = "<group>"; };
		1C4606D41EB1C13D005BD800 /* Zing-Bridging-Header.h */ = {isa = PBXFileReference; lastKnownFileType = sourcecode.c.h; path = "Zing-Bridging-Header.h"; sourceTree = "<group>"; };
		1C6100D31EC2EF3F00DEDB40 /* ChannelViewController.swift */ = {isa = PBXFileReference; fileEncoding = 4; lastKnownFileType = sourcecode.swift; path = ChannelViewController.swift; sourceTree = "<group>"; };
		1C6100D51EC2EF6700DEDB40 /* DiscoveryViewController.swift */ = {isa = PBXFileReference; fileEncoding = 4; lastKnownFileType = sourcecode.swift; path = DiscoveryViewController.swift; sourceTree = "<group>"; };
		1C6100DB1EC2EFBF00DEDB40 /* MessageViewController.swift */ = {isa = PBXFileReference; fileEncoding = 4; lastKnownFileType = sourcecode.swift; path = MessageViewController.swift; sourceTree = "<group>"; };
		1C6100DD1EC2F4D500DEDB40 /* WebViewController.swift */ = {isa = PBXFileReference; fileEncoding = 4; lastKnownFileType = sourcecode.swift; path = WebViewController.swift; sourceTree = "<group>"; };
		1C8994621E9B30FC00DF1C57 /* GCDQueue.swift */ = {isa = PBXFileReference; fileEncoding = 4; lastKnownFileType = sourcecode.swift; path = GCDQueue.swift; sourceTree = "<group>"; };
		1C8994631E9B30FC00DF1C57 /* RequestPath.swift */ = {isa = PBXFileReference; fileEncoding = 4; lastKnownFileType = sourcecode.swift; path = RequestPath.swift; sourceTree = "<group>"; };
		1C8994651E9B30FC00DF1C57 /* APIService.swift */ = {isa = PBXFileReference; fileEncoding = 4; lastKnownFileType = sourcecode.swift; path = APIService.swift; sourceTree = "<group>"; };
		1C8994661E9B30FC00DF1C57 /* URLService.swift */ = {isa = PBXFileReference; fileEncoding = 4; lastKnownFileType = sourcecode.swift; path = URLService.swift; sourceTree = "<group>"; };
		1CB257FD1EF25C0B000E03C4 /* InputBarViewController.swift */ = {isa = PBXFileReference; fileEncoding = 4; lastKnownFileType = sourcecode.swift; path = InputBarViewController.swift; sourceTree = "<group>"; };
		1CB257FF1EF25F53000E03C4 /* SensesViewController.swift */ = {isa = PBXFileReference; fileEncoding = 4; lastKnownFileType = sourcecode.swift; path = SensesViewController.swift; sourceTree = "<group>"; };
		1CB258011EF27031000E03C4 /* KeyboardService.swift */ = {isa = PBXFileReference; fileEncoding = 4; lastKnownFileType = sourcecode.swift; path = KeyboardService.swift; sourceTree = "<group>"; };
		1CC0D3DA1EA741DF00B59DF9 /* ResponseCode.swift */ = {isa = PBXFileReference; fileEncoding = 4; lastKnownFileType = sourcecode.swift; path = ResponseCode.swift; sourceTree = "<group>"; };
		1CE5853D1ECD754E00196919 /* en */ = {isa = PBXFileReference; lastKnownFileType = text.plist.strings; name = en; path = en.lproj/Localizable.strings; sourceTree = "<group>"; };
		1CE5853F1ECD755400196919 /* zh-Hans */ = {isa = PBXFileReference; lastKnownFileType = text.plist.strings; name = "zh-Hans"; path = "zh-Hans.lproj/Localizable.strings"; sourceTree = "<group>"; };
		1CE585571ECD7D2600196919 /* Base */ = {isa = PBXFileReference; lastKnownFileType = file.storyboard; name = Base; path = Base.lproj/Main.storyboard; sourceTree = "<group>"; };
		59F41581AC2E2EB7EF7BACCD /* Pods-Zing-Swift.debug.xcconfig */ = {isa = PBXFileReference; includeInIndex = 1; lastKnownFileType = text.xcconfig; name = "Pods-Zing-Swift.debug.xcconfig"; path = "Pods/Target Support Files/Pods-Zing-Swift/Pods-Zing-Swift.debug.xcconfig"; sourceTree = "<group>"; };
		864E3B997AE6832097136B76 /* Pods_Zing_Swift.framework */ = {isa = PBXFileReference; explicitFileType = wrapper.framework; includeInIndex = 0; path = Pods_Zing_Swift.framework; sourceTree = BUILT_PRODUCTS_DIR; };
		C8CC84864785DAA9E218E5E4 /* Pods-Zing-Swift.release.xcconfig */ = {isa = PBXFileReference; includeInIndex = 1; lastKnownFileType = text.xcconfig; name = "Pods-Zing-Swift.release.xcconfig"; path = "Pods/Target Support Files/Pods-Zing-Swift/Pods-Zing-Swift.release.xcconfig"; sourceTree = "<group>"; };
/* End PBXFileReference section */

/* Begin PBXFrameworksBuildPhase section */
		1C1637F41E777A0C002C9734 /* Frameworks */ = {
			isa = PBXFrameworksBuildPhase;
			buildActionMask = 2147483647;
			files = (
				1C0B596B1EF1219200C42AFC /* Snippets.framework in Frameworks */,
				1C0B59681EF11F5200C42AFC /* ZingCommon.framework in Frameworks */,
				1C0B59691EF11F5200C42AFC /* ZingPBModel.framework in Frameworks */,
				57CFB6FAE9171C29CA4ECA99 /* Pods_Zing_Swift.framework in Frameworks */,
			);
			runOnlyForDeploymentPostprocessing = 0;
		};
		1C1638081E777A0C002C9734 /* Frameworks */ = {
			isa = PBXFrameworksBuildPhase;
			buildActionMask = 2147483647;
			files = (
			);
			runOnlyForDeploymentPostprocessing = 0;
		};
		1C1638131E777A0C002C9734 /* Frameworks */ = {
			isa = PBXFrameworksBuildPhase;
			buildActionMask = 2147483647;
			files = (
			);
			runOnlyForDeploymentPostprocessing = 0;
		};
/* End PBXFrameworksBuildPhase section */

/* Begin PBXGroup section */
		1C1637EE1E777A0B002C9734 = {
			isa = PBXGroup;
			children = (
				1C1637F91E777A0C002C9734 /* Zing-Swift */,
				1C16380E1E777A0C002C9734 /* Zing-SwiftTests */,
				1C1638191E777A0C002C9734 /* Zing-SwiftUITests */,
				1C1637F81E777A0C002C9734 /* Products */,
				D25B1D66026B64DBC293803D /* Pods */,
				E16F583B6A9CCDB826982BFF /* Frameworks */,
			);
			sourceTree = "<group>";
		};
		1C1637F81E777A0C002C9734 /* Products */ = {
			isa = PBXGroup;
			children = (
				1C1637F71E777A0C002C9734 /* Zing-Swift.app */,
				1C16380B1E777A0C002C9734 /* Zing-SwiftTests.xctest */,
				1C1638161E777A0C002C9734 /* Zing-SwiftUITests.xctest */,
			);
			name = Products;
			sourceTree = "<group>";
		};
		1C1637F91E777A0C002C9734 /* Zing-Swift */ = {
			isa = PBXGroup;
			children = (
				1C1637FA1E777A0C002C9734 /* AppDelegate.swift */,
				1C8994611E9B30FC00DF1C57 /* Constant */,
				1C8994641E9B30FC00DF1C57 /* Service */,
				1C3A17AE1E99E46600E535C8 /* UI */,
				1C1637FC1E777A0C002C9734 /* ViewController.swift */,
				1C1638011E777A0C002C9734 /* Assets.xcassets */,
				1C1638031E777A0C002C9734 /* LaunchScreen.storyboard */,
				1CE585521ECD7C9000196919 /* Main.storyboard */,
				1C1638061E777A0C002C9734 /* Info.plist */,
				1CE5853E1ECD754E00196919 /* Localizable.strings */,
				1C4606D41EB1C13D005BD800 /* Zing-Bridging-Header.h */,
			);
			path = "Zing-Swift";
			sourceTree = "<group>";
		};
		1C16380E1E777A0C002C9734 /* Zing-SwiftTests */ = {
			isa = PBXGroup;
			children = (
				1C16380F1E777A0C002C9734 /* Zing_SwiftTests.swift */,
				1C1638111E777A0C002C9734 /* Info.plist */,
			);
			path = "Zing-SwiftTests";
			sourceTree = "<group>";
		};
		1C1638191E777A0C002C9734 /* Zing-SwiftUITests */ = {
			isa = PBXGroup;
			children = (
				1C16381A1E777A0C002C9734 /* Zing_SwiftUITests.swift */,
				1C16381C1E777A0C002C9734 /* Info.plist */,
			);
			path = "Zing-SwiftUITests";
			sourceTree = "<group>";
		};
		1C3A17AE1E99E46600E535C8 /* UI */ = {
			isa = PBXGroup;
			children = (
				1CB257FC1EF25BD3000E03C4 /* Media */,
				1C94C1371EB9743C007590D7 /* Goto */,
				1C3A17AF1E99E46600E535C8 /* Channel */,
				1C3A17B01E99E46600E535C8 /* Discovery */,
				1C3A17B21E99E46600E535C8 /* Me */,
				1C3A17B31E99E46600E535C8 /* Message */,
				1C3A17B11E99E46600E535C8 /* Main */,
				1C3A17B41E99E46600E535C8 /* Test */,
			);
			path = UI;
			sourceTree = "<group>";
		};
		1C3A17AF1E99E46600E535C8 /* Channel */ = {
			isa = PBXGroup;
			children = (
				1C6100D31EC2EF3F00DEDB40 /* ChannelViewController.swift */,
			);
			path = Channel;
			sourceTree = "<group>";
		};
		1C3A17B01E99E46600E535C8 /* Discovery */ = {
			isa = PBXGroup;
			children = (
				1C6100D51EC2EF6700DEDB40 /* DiscoveryViewController.swift */,
			);
			path = Discovery;
			sourceTree = "<group>";
		};
		1C3A17B11E99E46600E535C8 /* Main */ = {
			isa = PBXGroup;
			children = (
				1C4606CE1EB1903D005BD800 /* MainTabBarController.swift */,
				1C1BD0621EBD642F00AEEA31 /* LaunchViewController.swift */,
				1C2754281EC3EC970005166E /* LoginViewController.swift */,
			);
			path = Main;
			sourceTree = "<group>";
		};
		1C3A17B21E99E46600E535C8 /* Me */ = {
			isa = PBXGroup;
			children = (
				1C27542A1EC3EF8A0005166E /* MeViewController.swift */,
			);
			path = Me;
			sourceTree = "<group>";
		};
		1C3A17B31E99E46600E535C8 /* Message */ = {
			isa = PBXGroup;
			children = (
				1C6100DB1EC2EFBF00DEDB40 /* MessageViewController.swift */,
			);
			path = Message;
			sourceTree = "<group>";
		};
		1C3A17B41E99E46600E535C8 /* Test */ = {
			isa = PBXGroup;
			children = (
			);
			path = Test;
			sourceTree = "<group>";
		};
		1C8994611E9B30FC00DF1C57 /* Constant */ = {
			isa = PBXGroup;
			children = (
				1C8994621E9B30FC00DF1C57 /* GCDQueue.swift */,
				1C8994631E9B30FC00DF1C57 /* RequestPath.swift */,
				1CC0D3DA1EA741DF00B59DF9 /* ResponseCode.swift */,
				1C4606D01EB198A8005BD800 /* AppKeys.swift */,
				1C04BD861ED817D100A462B9 /* AppStyle.swift */,
			);
			path = Constant;
			sourceTree = "<group>";
		};
		1C8994641E9B30FC00DF1C57 /* Service */ = {
			isa = PBXGroup;
			children = (
				1C8994651E9B30FC00DF1C57 /* APIService.swift */,
				1C8994661E9B30FC00DF1C57 /* URLService.swift */,
				1C46066E1EB02C12005BD800 /* AccountService.swift */,
				1C4606D21EB19B27005BD800 /* UMengService.swift */,
				1CB258011EF27031000E03C4 /* KeyboardService.swift */,
			);
			path = Service;
			sourceTree = "<group>";
		};
		1C94C1371EB9743C007590D7 /* Goto */ = {
			isa = PBXGroup;
			children = (
				1C6100DD1EC2F4D500DEDB40 /* WebViewController.swift */,
				1CB257FF1EF25F53000E03C4 /* SensesViewController.swift */,
			);
			path = Goto;
			sourceTree = "<group>";
		};
		1CB257FC1EF25BD3000E03C4 /* Media */ = {
			isa = PBXGroup;
			children = (
				1CB257FD1EF25C0B000E03C4 /* InputBarViewController.swift */,
			);
			path = Media;
			sourceTree = "<group>";
		};
		D25B1D66026B64DBC293803D /* Pods */ = {
			isa = PBXGroup;
			children = (
				59F41581AC2E2EB7EF7BACCD /* Pods-Zing-Swift.debug.xcconfig */,
				C8CC84864785DAA9E218E5E4 /* Pods-Zing-Swift.release.xcconfig */,
			);
			name = Pods;
			sourceTree = "<group>";
		};
		E16F583B6A9CCDB826982BFF /* Frameworks */ = {
			isa = PBXGroup;
			children = (
				1C0B596A1EF1219200C42AFC /* Snippets.framework */,
				1C0B59661EF11F5200C42AFC /* ZingCommon.framework */,
				1C0B59671EF11F5200C42AFC /* ZingPBModel.framework */,
				864E3B997AE6832097136B76 /* Pods_Zing_Swift.framework */,
			);
			name = Frameworks;
			sourceTree = "<group>";
		};
/* End PBXGroup section */

/* Begin PBXNativeTarget section */
		1C1637F61E777A0C002C9734 /* Zing-Swift */ = {
			isa = PBXNativeTarget;
			buildConfigurationList = 1C16381F1E777A0C002C9734 /* Build configuration list for PBXNativeTarget "Zing-Swift" */;
			buildPhases = (
				910C669F38F67DF321D3D9D6 /* [CP] Check Pods Manifest.lock */,
				1C1637F31E777A0C002C9734 /* Sources */,
				1C1637F41E777A0C002C9734 /* Frameworks */,
				1C1637F51E777A0C002C9734 /* Resources */,
				D98033050D29E6778B1093D4 /* [CP] Embed Pods Frameworks */,
				B4288DDB0E7B3FD6A7B865D0 /* [CP] Copy Pods Resources */,
				1C0B59651EF11F2200C42AFC /* Embed Frameworks */,
			);
			buildRules = (
			);
			dependencies = (
			);
			name = "Zing-Swift";
			productName = "Zing-Swift";
			productReference = 1C1637F71E777A0C002C9734 /* Zing-Swift.app */;
			productType = "com.apple.product-type.application";
		};
		1C16380A1E777A0C002C9734 /* Zing-SwiftTests */ = {
			isa = PBXNativeTarget;
			buildConfigurationList = 1C1638221E777A0C002C9734 /* Build configuration list for PBXNativeTarget "Zing-SwiftTests" */;
			buildPhases = (
				1C1638071E777A0C002C9734 /* Sources */,
				1C1638081E777A0C002C9734 /* Frameworks */,
				1C1638091E777A0C002C9734 /* Resources */,
			);
			buildRules = (
			);
			dependencies = (
				1C16380D1E777A0C002C9734 /* PBXTargetDependency */,
			);
			name = "Zing-SwiftTests";
			productName = "Zing-SwiftTests";
			productReference = 1C16380B1E777A0C002C9734 /* Zing-SwiftTests.xctest */;
			productType = "com.apple.product-type.bundle.unit-test";
		};
		1C1638151E777A0C002C9734 /* Zing-SwiftUITests */ = {
			isa = PBXNativeTarget;
			buildConfigurationList = 1C1638251E777A0C002C9734 /* Build configuration list for PBXNativeTarget "Zing-SwiftUITests" */;
			buildPhases = (
				1C1638121E777A0C002C9734 /* Sources */,
				1C1638131E777A0C002C9734 /* Frameworks */,
				1C1638141E777A0C002C9734 /* Resources */,
			);
			buildRules = (
			);
			dependencies = (
				1C1638181E777A0C002C9734 /* PBXTargetDependency */,
			);
			name = "Zing-SwiftUITests";
			productName = "Zing-SwiftUITests";
			productReference = 1C1638161E777A0C002C9734 /* Zing-SwiftUITests.xctest */;
			productType = "com.apple.product-type.bundle.ui-testing";
		};
/* End PBXNativeTarget section */

/* Begin PBXProject section */
		1C1637EF1E777A0B002C9734 /* Project object */ = {
			isa = PBXProject;
			attributes = {
				LastSwiftUpdateCheck = 0820;
				LastUpgradeCheck = 0830;
				ORGANIZATIONNAME = Witgo;
				TargetAttributes = {
					1C1637F61E777A0C002C9734 = {
						CreatedOnToolsVersion = 8.2.1;
						DevelopmentTeam = 7AWX2MRU3G;
						LastSwiftMigration = 0830;
						ProvisioningStyle = Automatic;
					};
					1C16380A1E777A0C002C9734 = {
						CreatedOnToolsVersion = 8.2.1;
						DevelopmentTeam = 7AWX2MRU3G;
						LastSwiftMigration = 0830;
						ProvisioningStyle = Automatic;
						TestTargetID = 1C1637F61E777A0C002C9734;
					};
					1C1638151E777A0C002C9734 = {
						CreatedOnToolsVersion = 8.2.1;
						DevelopmentTeam = 7AWX2MRU3G;
						LastSwiftMigration = 0830;
						ProvisioningStyle = Automatic;
						TestTargetID = 1C1637F61E777A0C002C9734;
					};
				};
			};
			buildConfigurationList = 1C1637F21E777A0B002C9734 /* Build configuration list for PBXProject "Zing-Swift" */;
			compatibilityVersion = "Xcode 3.2";
			developmentRegion = English;
			hasScannedForEncodings = 0;
			knownRegions = (
				en,
				Base,
				"zh-Hans",
			);
			mainGroup = 1C1637EE1E777A0B002C9734;
			productRefGroup = 1C1637F81E777A0C002C9734 /* Products */;
			projectDirPath = "";
			projectRoot = "";
			targets = (
				1C1637F61E777A0C002C9734 /* Zing-Swift */,
				1C16380A1E777A0C002C9734 /* Zing-SwiftTests */,
				1C1638151E777A0C002C9734 /* Zing-SwiftUITests */,
			);
		};
/* End PBXProject section */

/* Begin PBXResourcesBuildPhase section */
		1C1637F51E777A0C002C9734 /* Resources */ = {
			isa = PBXResourcesBuildPhase;
			buildActionMask = 2147483647;
			files = (
				1C1638051E777A0C002C9734 /* LaunchScreen.storyboard in Resources */,
				1CE5853C1ECD754E00196919 /* Localizable.strings in Resources */,
				1C1638021E777A0C002C9734 /* Assets.xcassets in Resources */,
				1CE585501ECD7C9000196919 /* Main.storyboard in Resources */,
			);
			runOnlyForDeploymentPostprocessing = 0;
		};
		1C1638091E777A0C002C9734 /* Resources */ = {
			isa = PBXResourcesBuildPhase;
			buildActionMask = 2147483647;
			files = (
			);
			runOnlyForDeploymentPostprocessing = 0;
		};
		1C1638141E777A0C002C9734 /* Resources */ = {
			isa = PBXResourcesBuildPhase;
			buildActionMask = 2147483647;
			files = (
			);
			runOnlyForDeploymentPostprocessing = 0;
		};
/* End PBXResourcesBuildPhase section */

/* Begin PBXShellScriptBuildPhase section */
		910C669F38F67DF321D3D9D6 /* [CP] Check Pods Manifest.lock */ = {
			isa = PBXShellScriptBuildPhase;
			buildActionMask = 2147483647;
			files = (
			);
			inputPaths = (
			);
			name = "[CP] Check Pods Manifest.lock";
			outputPaths = (
			);
			runOnlyForDeploymentPostprocessing = 0;
			shellPath = /bin/sh;
			shellScript = "diff \"${PODS_PODFILE_DIR_PATH}/Podfile.lock\" \"${PODS_ROOT}/Manifest.lock\" > /dev/null\nif [ $? != 0 ] ; then\n    # print error to STDERR\n    echo \"error: The sandbox is not in sync with the Podfile.lock. Run 'pod install' or update your CocoaPods installation.\" >&2\n    exit 1\nfi\n";
			showEnvVarsInLog = 0;
		};
		B4288DDB0E7B3FD6A7B865D0 /* [CP] Copy Pods Resources */ = {
			isa = PBXShellScriptBuildPhase;
			buildActionMask = 2147483647;
			files = (
			);
			inputPaths = (
			);
			name = "[CP] Copy Pods Resources";
			outputPaths = (
			);
			runOnlyForDeploymentPostprocessing = 0;
			shellPath = /bin/sh;
			shellScript = "\"${SRCROOT}/Pods/Target Support Files/Pods-Zing-Swift/Pods-Zing-Swift-resources.sh\"\n";
			showEnvVarsInLog = 0;
		};
		D98033050D29E6778B1093D4 /* [CP] Embed Pods Frameworks */ = {
			isa = PBXShellScriptBuildPhase;
			buildActionMask = 12;
			files = (
			);
			inputPaths = (
			);
			name = "[CP] Embed Pods Frameworks";
			outputPaths = (
			);
			runOnlyForDeploymentPostprocessing = 0;
			shellPath = /bin/sh;
			shellScript = "\"${SRCROOT}/Pods/Target Support Files/Pods-Zing-Swift/Pods-Zing-Swift-frameworks.sh\"\n";
			showEnvVarsInLog = 0;
		};
/* End PBXShellScriptBuildPhase section */

/* Begin PBXSourcesBuildPhase section */
		1C1637F31E777A0C002C9734 /* Sources */ = {
			isa = PBXSourcesBuildPhase;
			buildActionMask = 2147483647;
			files = (
				1C6100DE1EC2F4D500DEDB40 /* WebViewController.swift in Sources */,
				1CC0D3DB1EA741DF00B59DF9 /* ResponseCode.swift in Sources */,
				1C04BD871ED817D100A462B9 /* AppStyle.swift in Sources */,
				1C1637FD1E777A0C002C9734 /* ViewController.swift in Sources */,
				1C4606CF1EB1903D005BD800 /* MainTabBarController.swift in Sources */,
				1C4606D11EB198A8005BD800 /* AppKeys.swift in Sources */,
				1C6100D61EC2EF6700DEDB40 /* DiscoveryViewController.swift in Sources */,
				1C89946A1E9B30FC00DF1C57 /* URLService.swift in Sources */,
				1C2754291EC3EC970005166E /* LoginViewController.swift in Sources */,
				1C8994691E9B30FC00DF1C57 /* APIService.swift in Sources */,
				1CB258001EF25F53000E03C4 /* SensesViewController.swift in Sources */,
				1C8994671E9B30FC00DF1C57 /* GCDQueue.swift in Sources */,
				1C1BD0631EBD642F00AEEA31 /* LaunchViewController.swift in Sources */,
				1C6100DC1EC2EFBF00DEDB40 /* MessageViewController.swift in Sources */,
				1C4606D31EB19B27005BD800 /* UMengService.swift in Sources */,
				1C27542B1EC3EF8A0005166E /* MeViewController.swift in Sources */,
				1CB258021EF27031000E03C4 /* KeyboardService.swift in Sources */,
				1CB257FE1EF25C0B000E03C4 /* InputBarViewController.swift in Sources */,
				1C46066F1EB02C12005BD800 /* AccountService.swift in Sources */,
				1C8994681E9B30FC00DF1C57 /* RequestPath.swift in Sources */,
				1C1637FB1E777A0C002C9734 /* AppDelegate.swift in Sources */,
				1C6100D41EC2EF3F00DEDB40 /* ChannelViewController.swift in Sources */,
			);
			runOnlyForDeploymentPostprocessing = 0;
		};
		1C1638071E777A0C002C9734 /* Sources */ = {
			isa = PBXSourcesBuildPhase;
			buildActionMask = 2147483647;
			files = (
				1C1638101E777A0C002C9734 /* Zing_SwiftTests.swift in Sources */,
			);
			runOnlyForDeploymentPostprocessing = 0;
		};
		1C1638121E777A0C002C9734 /* Sources */ = {
			isa = PBXSourcesBuildPhase;
			buildActionMask = 2147483647;
			files = (
				1C16381B1E777A0C002C9734 /* Zing_SwiftUITests.swift in Sources */,
			);
			runOnlyForDeploymentPostprocessing = 0;
		};
/* End PBXSourcesBuildPhase section */

/* Begin PBXTargetDependency section */
		1C16380D1E777A0C002C9734 /* PBXTargetDependency */ = {
			isa = PBXTargetDependency;
			target = 1C1637F61E777A0C002C9734 /* Zing-Swift */;
			targetProxy = 1C16380C1E777A0C002C9734 /* PBXContainerItemProxy */;
		};
		1C1638181E777A0C002C9734 /* PBXTargetDependency */ = {
			isa = PBXTargetDependency;
			target = 1C1637F61E777A0C002C9734 /* Zing-Swift */;
			targetProxy = 1C1638171E777A0C002C9734 /* PBXContainerItemProxy */;
		};
/* End PBXTargetDependency section */

/* Begin PBXVariantGroup section */
		1C1638031E777A0C002C9734 /* LaunchScreen.storyboard */ = {
			isa = PBXVariantGroup;
			children = (
				1C1638041E777A0C002C9734 /* Base */,
			);
			name = LaunchScreen.storyboard;
			sourceTree = "<group>";
		};
		1CE5853E1ECD754E00196919 /* Localizable.strings */ = {
			isa = PBXVariantGroup;
			children = (
				1CE5853D1ECD754E00196919 /* en */,
				1CE5853F1ECD755400196919 /* zh-Hans */,
			);
			name = Localizable.strings;
			sourceTree = "<group>";
		};
		1CE585521ECD7C9000196919 /* Main.storyboard */ = {
			isa = PBXVariantGroup;
			children = (
				1CE585571ECD7D2600196919 /* Base */,
			);
			name = Main.storyboard;
			sourceTree = "<group>";
		};
/* End PBXVariantGroup section */

/* Begin XCBuildConfiguration section */
		1C16381D1E777A0C002C9734 /* Debug */ = {
			isa = XCBuildConfiguration;
			buildSettings = {
				ALWAYS_EMBED_SWIFT_STANDARD_LIBRARIES = NO;
				ALWAYS_SEARCH_USER_PATHS = NO;
				CLANG_ANALYZER_LOCALIZABILITY_NONLOCALIZED = YES;
				CLANG_ANALYZER_NONNULL = YES;
				CLANG_CXX_LANGUAGE_STANDARD = "gnu++0x";
				CLANG_CXX_LIBRARY = "libc++";
				CLANG_ENABLE_MODULES = YES;
				CLANG_ENABLE_OBJC_ARC = YES;
				CLANG_WARN_BOOL_CONVERSION = YES;
				CLANG_WARN_CONSTANT_CONVERSION = YES;
				CLANG_WARN_DIRECT_OBJC_ISA_USAGE = YES_ERROR;
				CLANG_WARN_DOCUMENTATION_COMMENTS = YES;
				CLANG_WARN_EMPTY_BODY = YES;
				CLANG_WARN_ENUM_CONVERSION = YES;
				CLANG_WARN_INFINITE_RECURSION = YES;
				CLANG_WARN_INT_CONVERSION = YES;
				CLANG_WARN_OBJC_ROOT_CLASS = YES_ERROR;
				CLANG_WARN_SUSPICIOUS_MOVE = YES;
				CLANG_WARN_UNREACHABLE_CODE = YES;
				CLANG_WARN__DUPLICATE_METHOD_MATCH = YES;
				"CODE_SIGN_IDENTITY[sdk=iphoneos*]" = "iPhone Developer";
				COPY_PHASE_STRIP = NO;
				DEBUG_INFORMATION_FORMAT = dwarf;
				ENABLE_STRICT_OBJC_MSGSEND = YES;
				ENABLE_TESTABILITY = YES;
				GCC_C_LANGUAGE_STANDARD = gnu99;
				GCC_DYNAMIC_NO_PIC = NO;
				GCC_NO_COMMON_BLOCKS = YES;
				GCC_OPTIMIZATION_LEVEL = 0;
				GCC_PREPROCESSOR_DEFINITIONS = (
					"DEBUG=1",
					"$(inherited)",
				);
				GCC_WARN_64_TO_32_BIT_CONVERSION = YES;
				GCC_WARN_ABOUT_RETURN_TYPE = YES_ERROR;
				GCC_WARN_UNDECLARED_SELECTOR = YES;
				GCC_WARN_UNINITIALIZED_AUTOS = YES_AGGRESSIVE;
				GCC_WARN_UNUSED_FUNCTION = YES;
				GCC_WARN_UNUSED_VARIABLE = YES;
				IPHONEOS_DEPLOYMENT_TARGET = 8.0;
				MTL_ENABLE_DEBUG_INFO = YES;
				ONLY_ACTIVE_ARCH = YES;
				SDKROOT = iphoneos;
				SWIFT_ACTIVE_COMPILATION_CONDITIONS = DEBUG;
				SWIFT_OBJC_BRIDGING_HEADER = "";
				SWIFT_OPTIMIZATION_LEVEL = "-Onone";
				SWIFT_VERSION = "";
				TARGETED_DEVICE_FAMILY = "1,2";
			};
			name = Debug;
		};
		1C16381E1E777A0C002C9734 /* Release */ = {
			isa = XCBuildConfiguration;
			buildSettings = {
				ALWAYS_EMBED_SWIFT_STANDARD_LIBRARIES = NO;
				ALWAYS_SEARCH_USER_PATHS = NO;
				CLANG_ANALYZER_LOCALIZABILITY_NONLOCALIZED = YES;
				CLANG_ANALYZER_NONNULL = YES;
				CLANG_CXX_LANGUAGE_STANDARD = "gnu++0x";
				CLANG_CXX_LIBRARY = "libc++";
				CLANG_ENABLE_MODULES = YES;
				CLANG_ENABLE_OBJC_ARC = YES;
				CLANG_WARN_BOOL_CONVERSION = YES;
				CLANG_WARN_CONSTANT_CONVERSION = YES;
				CLANG_WARN_DIRECT_OBJC_ISA_USAGE = YES_ERROR;
				CLANG_WARN_DOCUMENTATION_COMMENTS = YES;
				CLANG_WARN_EMPTY_BODY = YES;
				CLANG_WARN_ENUM_CONVERSION = YES;
				CLANG_WARN_INFINITE_RECURSION = YES;
				CLANG_WARN_INT_CONVERSION = YES;
				CLANG_WARN_OBJC_ROOT_CLASS = YES_ERROR;
				CLANG_WARN_SUSPICIOUS_MOVE = YES;
				CLANG_WARN_UNREACHABLE_CODE = YES;
				CLANG_WARN__DUPLICATE_METHOD_MATCH = YES;
				"CODE_SIGN_IDENTITY[sdk=iphoneos*]" = "iPhone Developer";
				COPY_PHASE_STRIP = NO;
				DEBUG_INFORMATION_FORMAT = "dwarf-with-dsym";
				ENABLE_NS_ASSERTIONS = NO;
				ENABLE_STRICT_OBJC_MSGSEND = YES;
				GCC_C_LANGUAGE_STANDARD = gnu99;
				GCC_NO_COMMON_BLOCKS = YES;
				GCC_WARN_64_TO_32_BIT_CONVERSION = YES;
				GCC_WARN_ABOUT_RETURN_TYPE = YES_ERROR;
				GCC_WARN_UNDECLARED_SELECTOR = YES;
				GCC_WARN_UNINITIALIZED_AUTOS = YES_AGGRESSIVE;
				GCC_WARN_UNUSED_FUNCTION = YES;
				GCC_WARN_UNUSED_VARIABLE = YES;
				IPHONEOS_DEPLOYMENT_TARGET = 8.0;
				MTL_ENABLE_DEBUG_INFO = NO;
				SDKROOT = iphoneos;
				SWIFT_OBJC_BRIDGING_HEADER = "";
				SWIFT_OPTIMIZATION_LEVEL = "-Owholemodule";
				SWIFT_VERSION = "";
				TARGETED_DEVICE_FAMILY = "1,2";
				VALIDATE_PRODUCT = YES;
			};
			name = Release;
		};
		1C1638201E777A0C002C9734 /* Debug */ = {
			isa = XCBuildConfiguration;
			baseConfigurationReference = 59F41581AC2E2EB7EF7BACCD /* Pods-Zing-Swift.debug.xcconfig */;
			buildSettings = {
				ASSETCATALOG_COMPILER_APPICON_NAME = AppIcon;
				DEVELOPMENT_TEAM = 7AWX2MRU3G;
				ENABLE_BITCODE = YES;
				FRAMEWORK_SEARCH_PATHS = "$(inherited)";
				INFOPLIST_FILE = "Zing-Swift/Info.plist";
				IPHONEOS_DEPLOYMENT_TARGET = 8.0;
				LD_RUNPATH_SEARCH_PATHS = "$(inherited) @executable_path/Frameworks";
				MACH_O_TYPE = mh_execute;
				OTHER_LDFLAGS = "$(inherited)";
				OTHER_SWIFT_FLAGS = "$(inherited) \"-D\" \"COCOAPODS\"";
				PRODUCT_BUNDLE_IDENTIFIER = "com.witgo.Zing-Swift";
				PRODUCT_NAME = "$(TARGET_NAME)";
				SWIFT_OBJC_BRIDGING_HEADER = "$(SRCROOT)/Zing-Swift/Zing-Bridging-Header.h";
				SWIFT_VERSION = 3.0;
				TARGETED_DEVICE_FAMILY = 1;
				USER_HEADER_SEARCH_PATHS = "$(SRCROOT)/Zing-Swift/Zing-Bridging-Header.h";
			};
			name = Debug;
		};
		1C1638211E777A0C002C9734 /* Release */ = {
			isa = XCBuildConfiguration;
			baseConfigurationReference = C8CC84864785DAA9E218E5E4 /* Pods-Zing-Swift.release.xcconfig */;
			buildSettings = {
				ASSETCATALOG_COMPILER_APPICON_NAME = AppIcon;
				DEVELOPMENT_TEAM = 7AWX2MRU3G;
				ENABLE_BITCODE = YES;
				FRAMEWORK_SEARCH_PATHS = "$(inherited)";
				INFOPLIST_FILE = "Zing-Swift/Info.plist";
				IPHONEOS_DEPLOYMENT_TARGET = 8.0;
				LD_RUNPATH_SEARCH_PATHS = "$(inherited) @executable_path/Frameworks";
				MACH_O_TYPE = mh_execute;
				OTHER_LDFLAGS = "$(inherited)";
				OTHER_SWIFT_FLAGS = "$(inherited) \"-D\" \"COCOAPODS\"";
				PRODUCT_BUNDLE_IDENTIFIER = "com.witgo.Zing-Swift";
				PRODUCT_NAME = "$(TARGET_NAME)";
				SWIFT_OBJC_BRIDGING_HEADER = "$(SRCROOT)/Zing-Swift/Zing-Bridging-Header.h";
				SWIFT_VERSION = 3.0;
				TARGETED_DEVICE_FAMILY = 1;
				USER_HEADER_SEARCH_PATHS = "$(SRCROOT)/Zing-Swift/Zing-Bridging-Header.h";
			};
			name = Release;
		};
		1C1638231E777A0C002C9734 /* Debug */ = {
			isa = XCBuildConfiguration;
			buildSettings = {
				ALWAYS_EMBED_SWIFT_STANDARD_LIBRARIES = YES;
				BUNDLE_LOADER = "$(TEST_HOST)";
				DEVELOPMENT_TEAM = 7AWX2MRU3G;
				INFOPLIST_FILE = "Zing-SwiftTests/Info.plist";
				LD_RUNPATH_SEARCH_PATHS = "$(inherited) @executable_path/Frameworks @loader_path/Frameworks";
				PRODUCT_BUNDLE_IDENTIFIER = "com.witgo.Zing-SwiftTests";
				PRODUCT_NAME = "$(TARGET_NAME)";
				SWIFT_VERSION = 3.0;
				TEST_HOST = "$(BUILT_PRODUCTS_DIR)/Zing-Swift.app/Zing-Swift";
			};
			name = Debug;
		};
		1C1638241E777A0C002C9734 /* Release */ = {
			isa = XCBuildConfiguration;
			buildSettings = {
				ALWAYS_EMBED_SWIFT_STANDARD_LIBRARIES = YES;
				BUNDLE_LOADER = "$(TEST_HOST)";
				DEVELOPMENT_TEAM = 7AWX2MRU3G;
				INFOPLIST_FILE = "Zing-SwiftTests/Info.plist";
				LD_RUNPATH_SEARCH_PATHS = "$(inherited) @executable_path/Frameworks @loader_path/Frameworks";
				PRODUCT_BUNDLE_IDENTIFIER = "com.witgo.Zing-SwiftTests";
				PRODUCT_NAME = "$(TARGET_NAME)";
				SWIFT_VERSION = 3.0;
				TEST_HOST = "$(BUILT_PRODUCTS_DIR)/Zing-Swift.app/Zing-Swift";
			};
			name = Release;
		};
		1C1638261E777A0C002C9734 /* Debug */ = {
			isa = XCBuildConfiguration;
			buildSettings = {
				ALWAYS_EMBED_SWIFT_STANDARD_LIBRARIES = YES;
				DEVELOPMENT_TEAM = 7AWX2MRU3G;
				INFOPLIST_FILE = "Zing-SwiftUITests/Info.plist";
				LD_RUNPATH_SEARCH_PATHS = "$(inherited) @executable_path/Frameworks @loader_path/Frameworks";
				PRODUCT_BUNDLE_IDENTIFIER = "com.witgo.Zing-SwiftUITests";
				PRODUCT_NAME = "$(TARGET_NAME)";
				SWIFT_VERSION = 3.0;
				TEST_TARGET_NAME = "Zing-Swift";
			};
			name = Debug;
		};
		1C1638271E777A0C002C9734 /* Release */ = {
			isa = XCBuildConfiguration;
			buildSettings = {
				ALWAYS_EMBED_SWIFT_STANDARD_LIBRARIES = YES;
				DEVELOPMENT_TEAM = 7AWX2MRU3G;
				INFOPLIST_FILE = "Zing-SwiftUITests/Info.plist";
				LD_RUNPATH_SEARCH_PATHS = "$(inherited) @executable_path/Frameworks @loader_path/Frameworks";
				PRODUCT_BUNDLE_IDENTIFIER = "com.witgo.Zing-SwiftUITests";
				PRODUCT_NAME = "$(TARGET_NAME)";
				SWIFT_VERSION = 3.0;
				TEST_TARGET_NAME = "Zing-Swift";
			};
			name = Release;
		};
/* End XCBuildConfiguration section */

/* Begin XCConfigurationList section */
		1C1637F21E777A0B002C9734 /* Build configuration list for PBXProject "Zing-Swift" */ = {
			isa = XCConfigurationList;
			buildConfigurations = (
				1C16381D1E777A0C002C9734 /* Debug */,
				1C16381E1E777A0C002C9734 /* Release */,
			);
			defaultConfigurationIsVisible = 0;
			defaultConfigurationName = Release;
		};
		1C16381F1E777A0C002C9734 /* Build configuration list for PBXNativeTarget "Zing-Swift" */ = {
			isa = XCConfigurationList;
			buildConfigurations = (
				1C1638201E777A0C002C9734 /* Debug */,
				1C1638211E777A0C002C9734 /* Release */,
			);
			defaultConfigurationIsVisible = 0;
			defaultConfigurationName = Release;
		};
		1C1638221E777A0C002C9734 /* Build configuration list for PBXNativeTarget "Zing-SwiftTests" */ = {
			isa = XCConfigurationList;
			buildConfigurations = (
				1C1638231E777A0C002C9734 /* Debug */,
				1C1638241E777A0C002C9734 /* Release */,
			);
			defaultConfigurationIsVisible = 0;
			defaultConfigurationName = Release;
		};
		1C1638251E777A0C002C9734 /* Build configuration list for PBXNativeTarget "Zing-SwiftUITests" */ = {
			isa = XCConfigurationList;
			buildConfigurations = (
				1C1638261E777A0C002C9734 /* Debug */,
				1C1638271E777A0C002C9734 /* Release */,
			);
			defaultConfigurationIsVisible = 0;
			defaultConfigurationName = Release;
		};
/* End XCConfigurationList section */
	};
	rootObject = 1C1637EF1E777A0B002C9734 /* Project object */;
}
